
Microsoft Visual Studio Solution File, Format Version 12.00
# Visual Studio Version 16
VisualStudioVersion = 16.0.30711.63
MinimumVisualStudioVersion = 10.0.40219.1
Project("{FAE04EC0-301F-11D3-BF4B-00C04F79EFBC}") = "MonitoringApp", "MonitoringApp\MonitoringApp.csproj", "{413B1044-EFE6-4953-A7C1-18D5D18DB1D6}"
EndProject
Global
	GlobalSection(SolutionConfigurationPlatforms) = preSolution
		Debug|Any CPU = Debug|Any CPU
		Release|Any CPU = Release|Any CPU
	EndGlobalSection
	GlobalSection(ProjectConfigurationPlatforms) = postSolution
		{413B1044-EFE6-4953-A7C1-18D5D18DB1D6}.Debug|Any CPU.ActiveCfg = Debug|Any CPU
		{413B1044-EFE6-4953-A7C1-18D5D18DB1D6}.Debug|Any CPU.Build.0 = Debug|Any CPU
		{413B1044-EFE6-4953-A7C1-18D5D18DB1D6}.Release|Any CPU.ActiveCfg = Release|Any CPU
		{413B1044-EFE6-4953-A7C1-18D5D18DB1D6}.Release|Any CPU.Build.0 = Release|Any CPU
	EndGlobalSection
	GlobalSection(SolutionProperties) = preSolution
		HideSolutionNode = FALSE
	EndGlobalSection
	GlobalSection(ExtensibilityGlobals) = postSolution
		SolutionGuid = {2DAE651B-E404-420E-8E08-1188B92DEB2B}
	EndGlobalSection
EndGlobal
